
Microsoft Visual Studio Solution File, Format Version 12.00
# Visual Studio Version 16
VisualStudioVersion = 16.0.31729.503
MinimumVisualStudioVersion = 10.0.40219.1
Project("{FAE04EC0-301F-11D3-BF4B-00C04F79EFBC}") = "LineComparison2", "LineComparison2\LineComparison2.csproj", "{62A6C11C-6D18-4254-978B-5FE8F0FC6991}"
EndProject
Global
	GlobalSection(SolutionConfigurationPlatforms) = preSolution
		Debug|Any CPU = Debug|Any CPU
		Release|Any CPU = Release|Any CPU
	EndGlobalSection
	GlobalSection(ProjectConfigurationPlatforms) = postSolution
		{62A6C11C-6D18-4254-978B-5FE8F0FC6991}.Debug|Any CPU.ActiveCfg = Debug|Any CPU
		{62A6C11C-6D18-4254-978B-5FE8F0FC6991}.Debug|Any CPU.Build.0 = Debug|Any CPU
		{62A6C11C-6D18-4254-978B-5FE8F0FC6991}.Release|Any CPU.ActiveCfg = Release|Any CPU
		{62A6C11C-6D18-4254-978B-5FE8F0FC6991}.Release|Any CPU.Build.0 = Release|Any CPU
	EndGlobalSection
	GlobalSection(SolutionProperties) = preSolution
		HideSolutionNode = FALSE
	EndGlobalSection
	GlobalSection(ExtensibilityGlobals) = postSolution
		SolutionGuid = {C97FFD67-0C54-4715-BD79-20DB58CCE0AE}
	EndGlobalSection
EndGlobal
